
Microsoft Visual Studio Solution File, Format Version 12.00
# Visual Studio 15
VisualStudioVersion = 15.0.26124.0
MinimumVisualStudioVersion = 15.0.26124.0
Project("{FAE04EC0-301F-11D3-BF4B-00C04F79EFBC}") = "Core", "Core\Core.csproj", "{53FA6162-8EE1-46F7-A6AF-E2C28E53B348}"
EndProject
Project("{FAE04EC0-301F-11D3-BF4B-00C04F79EFBC}") = "Core.Tests", "Core.Tests\Core.Tests.csproj", "{D5F4089C-AE75-481C-AEF2-CB17FB048CF8}"
EndProject
Global
	GlobalSection(SolutionConfigurationPlatforms) = preSolution
		Debug|Any CPU = Debug|Any CPU
		Debug|x64 = Debug|x64
		Debug|x86 = Debug|x86
		Release|Any CPU = Release|Any CPU
		Release|x64 = Release|x64
		Release|x86 = Release|x86
	EndGlobalSection
	GlobalSection(SolutionProperties) = preSolution
		HideSolutionNode = FALSE
	EndGlobalSection
	GlobalSection(ProjectConfigurationPlatforms) = postSolution
		{53FA6162-8EE1-46F7-A6AF-E2C28E53B348}.Debug|Any CPU.ActiveCfg = Debug|Any CPU
		{53FA6162-8EE1-46F7-A6AF-E2C28E53B348}.Debug|Any CPU.Build.0 = Debug|Any CPU
		{53FA6162-8EE1-46F7-A6AF-E2C28E53B348}.Debug|x64.ActiveCfg = Debug|Any CPU
		{53FA6162-8EE1-46F7-A6AF-E2C28E53B348}.Debug|x64.Build.0 = Debug|Any CPU
		{53FA6162-8EE1-46F7-A6AF-E2C28E53B348}.Debug|x86.ActiveCfg = Debug|Any CPU
		{53FA6162-8EE1-46F7-A6AF-E2C28E53B348}.Debug|x86.Build.0 = Debug|Any CPU
		{53FA6162-8EE1-46F7-A6AF-E2C28E53B348}.Release|Any CPU.ActiveCfg = Release|Any CPU
		{53FA6162-8EE1-46F7-A6AF-E2C28E53B348}.Release|Any CPU.Build.0 = Release|Any CPU
		{53FA6162-8EE1-46F7-A6AF-E2C28E53B348}.Release|x64.ActiveCfg = Release|Any CPU
		{53FA6162-8EE1-46F7-A6AF-E2C28E53B348}.Release|x64.Build.0 = Release|Any CPU
		{53FA6162-8EE1-46F7-A6AF-E2C28E53B348}.Release|x86.ActiveCfg = Release|Any CPU
		{53FA6162-8EE1-46F7-A6AF-E2C28E53B348}.Release|x86.Build.0 = Release|Any CPU
		{D5F4089C-AE75-481C-AEF2-CB17FB048CF8}.Debug|Any CPU.ActiveCfg = Debug|Any CPU
		{D5F4089C-AE75-481C-AEF2-CB17FB048CF8}.Debug|Any CPU.Build.0 = Debug|Any CPU
		{D5F4089C-AE75-481C-AEF2-CB17FB048CF8}.Debug|x64.ActiveCfg = Debug|Any CPU
		{D5F4089C-AE75-481C-AEF2-CB17FB048CF8}.Debug|x64.Build.0 = Debug|Any CPU
		{D5F4089C-AE75-481C-AEF2-CB17FB048CF8}.Debug|x86.ActiveCfg = Debug|Any CPU
		{D5F4089C-AE75-481C-AEF2-CB17FB048CF8}.Debug|x86.Build.0 = Debug|Any CPU
		{D5F4089C-AE75-481C-AEF2-CB17FB048CF8}.Release|Any CPU.ActiveCfg = Release|Any CPU
		{D5F4089C-AE75-481C-AEF2-CB17FB048CF8}.Release|Any CPU.Build.0 = Release|Any CPU
		{D5F4089C-AE75-481C-AEF2-CB17FB048CF8}.Release|x64.ActiveCfg = Release|Any CPU
		{D5F4089C-AE75-481C-AEF2-CB17FB048CF8}.Release|x64.Build.0 = Release|Any CPU
		{D5F4089C-AE75-481C-AEF2-CB17FB048CF8}.Release|x86.ActiveCfg = Release|Any CPU
		{D5F4089C-AE75-481C-AEF2-CB17FB048CF8}.Release|x86.Build.0 = Release|Any CPU
	EndGlobalSection
EndGlobal
